{
  "name": "ProjectAir-Cloud",
  "version": "1.0.0",
  "lockfileVersion": 2,
  "requires": true,
  "packages": {
    "": {
      "name": "ProjectAir-Cloud",
      "version": "1.0.0",
      "dependencies": {
        "@tibco-tcstk/tc-core-lib": "^3.0.1",
        "@tibco-tcstk/tc-liveapps-lib": "^3.0.1"
      },
      "devDependencies": {}
    },
    "node_modules/@ajsf/bootstrap4": {
      "version": "0.4.0-beta.1",
      "license": "MIT",
      "peer": true,
      "dependencies": {
        "@ajsf/core": "~0.4.0-beta.1",
        "lodash-es": "^4.17.15",
        "tslib": "^2.0.0"
      },
      "peerDependencies": {
        "@angular/common": ">=11.0.0",
        "@angular/core": ">=11.0.0"
      }
    },
    "node_modules/@ajsf/bootstrap4/node_modules/@ajsf/core": {
      "version": "0.4.0-beta.2",
      "license": "MIT",
      "peer": true,
      "dependencies": {
        "ajv": "^6.10.0",
        "lodash-es": "^4.17.15",
        "tslib": "^2.0.0"
      },
      "peerDependencies": {
        "@angular/common": ">=11.0.0",
        "@angular/core": ">=11.0.0",
        "@angular/forms": ">=11.0.0",
        "@angular/platform-browser": ">=11.0.0",
        "rxjs": "^6.0.0"
      }
    },
    "node_modules/@ajsf/material": {
      "version": "0.4.0-beta.1",
      "license": "MIT",
      "peer": true,
      "dependencies": {
        "@ajsf/core": "~0.4.0-beta.1",
        "lodash-es": "^4.17.15",
        "tslib": "^2.0.0"
      },
      "peerDependencies": {
        "@angular/cdk": ">=11.0.0",
        "@angular/flex-layout": ">=11.0.0-beta.33",
        "@angular/material": ">=11.0.0"
      }
    },
    "node_modules/@ajsf/material/node_modules/@ajsf/core": {
      "version": "0.4.0-beta.2",
      "license": "MIT",
      "peer": true,
      "dependencies": {
        "ajv": "^6.10.0",
        "lodash-es": "^4.17.15",
        "tslib": "^2.0.0"
      },
      "peerDependencies": {
        "@angular/common": ">=11.0.0",
        "@angular/core": ">=11.0.0",
        "@angular/forms": ">=11.0.0",
        "@angular/platform-browser": ">=11.0.0",
        "rxjs": "^6.0.0"
      }
    },
    "node_modules/@angular/cdk": {
      "version": "12.2.13",
      "license": "MIT",
      "peer": true,
      "dependencies": {
        "tslib": "^2.2.0"
      },
      "optionalDependencies": {
        "parse5": "^5.0.0"
      },
      "peerDependencies": {
        "@angular/common": "^12.0.0 || ^13.0.0-0",
        "@angular/core": "^12.0.0 || ^13.0.0-0",
        "rxjs": "^6.5.3 || ^7.0.0"
      }
    },
    "node_modules/@angular/common": {
      "version": "12.2.15",
      "license": "MIT",
      "peer": true,
      "dependencies": {
        "tslib": "^2.2.0"
      },
      "engines": {
        "node": "^12.14.1 || >=14.0.0"
      },
      "peerDependencies": {
        "@angular/core": "12.2.15",
        "rxjs": "^6.5.3 || ^7.0.0"
      }
    },
    "node_modules/@angular/core": {
      "version": "12.2.15",
      "license": "MIT",
      "peer": true,
      "dependencies": {
        "tslib": "^2.2.0"
      },
      "engines": {
        "node": "^12.14.1 || >=14.0.0"
      },
      "peerDependencies": {
        "rxjs": "^6.5.3 || ^7.0.0",
        "zone.js": "~0.11.4"
      }
    },
    "node_modules/@angular/material": {
      "version": "12.2.13",
      "license": "MIT",
      "peer": true,
      "dependencies": {
        "tslib": "^2.2.0"
      },
      "peerDependencies": {
        "@angular/animations": "^12.0.0 || ^13.0.0-0",
        "@angular/cdk": "12.2.13",
        "@angular/common": "^12.0.0 || ^13.0.0-0",
        "@angular/core": "^12.0.0 || ^13.0.0-0",
        "@angular/forms": "^12.0.0 || ^13.0.0-0",
        "rxjs": "^6.5.3 || ^7.0.0"
      }
    },
    "node_modules/@tibco-tcstk/tc-core-lib": {
      "version": "3.2.0",
      "license": "BSD-3-Clause",
      "dependencies": {
        "tslib": "^2.2.0"
      },
      "peerDependencies": {
        "@angular/common": "^12.2.12",
        "@angular/core": "^12.2.12"
      }
    },
    "node_modules/@tibco-tcstk/tc-forms-lib": {
      "version": "3.2.0",
      "license": "BSD-3-Clause",
      "peer": true,
      "dependencies": {
        "tslib": "^2.2.0"
      },
      "peerDependencies": {
        "@ajsf/bootstrap4": "^0.4.0-beta.1",
        "@ajsf/material": "^0.4.0-beta.1",
        "@angular/common": "^12.2.12",
        "@angular/core": "^12.2.12",
        "@angular/flex-layout": "^12.0.0-beta.35",
        "@angular/material": "^12.2.12",
        "brace": "^0.11.1",
        "lodash-es": "^4.17.21"
      }
    },
    "node_modules/@tibco-tcstk/tc-liveapps-lib": {
      "version": "3.2.0",
      "license": "BSD-3-Clause",
      "dependencies": {
        "tslib": "^2.2.0"
      },
      "peerDependencies": {
        "@angular/common": "^12.2.12",
        "@angular/core": "^12.2.12",
        "@angular/flex-layout": "^12.0.0-beta.35",
        "@angular/material": "^12.2.12",
        "@tibco-tcstk/tc-core-lib": "^3.1.0",
        "@tibco-tcstk/tc-forms-lib": "^3.1.0",
        "chartjs-plugin-datalabels": "^0.7.0",
        "ng2-charts": "^2.4.3",
        "ngx-color-picker": "^10.1.0"
      }
    },
    "node_modules/ajv": {
      "version": "6.12.6",
      "license": "MIT",
      "peer": true,
      "dependencies": {
        "fast-deep-equal": "^3.1.1",
        "fast-json-stable-stringify": "^2.0.0",
        "json-schema-traverse": "^0.4.1",
        "uri-js": "^4.2.2"
      },
      "funding": {
        "type": "github",
        "url": "https://github.com/sponsors/epoberezkin"
      }
    },
    "node_modules/json-schema-traverse": {
      "version": "0.4.1",
      "license": "MIT",
      "peer": true
    },
    "node_modules/ngx-color-picker": {
      "version": "10.1.0",
      "license": "MIT",
      "peer": true,
      "dependencies": {
        "tslib": "^2.0.0"
      },
      "peerDependencies": {
        "@angular/common": ">=9.0.0",
        "@angular/core": ">=9.0.0",
        "@angular/forms": ">=9.0.0"
      }
    }
  },
  "dependencies": {
    "@ajsf/bootstrap4": {
      "version": "0.4.0-beta.1",
      "peer": true,
      "requires": {
        "@ajsf/core": "~0.4.0-beta.1",
        "lodash-es": "^4.17.15",
        "tslib": "^2.0.0"
      },
      "dependencies": {
        "@ajsf/core": {
          "version": "0.4.0-beta.2",
          "peer": true,
          "requires": {
            "ajv": "^6.10.0",
            "lodash-es": "^4.17.15",
            "tslib": "^2.0.0"
          }
        }
      }
    },
    "@ajsf/material": {
      "version": "0.4.0-beta.1",
      "peer": true,
      "requires": {
        "@ajsf/core": "~0.4.0-beta.1",
        "lodash-es": "^4.17.15",
        "tslib": "^2.0.0"
      },
      "dependencies": {
        "@ajsf/core": {
          "version": "0.4.0-beta.2",
          "peer": true,
          "requires": {
            "ajv": "^6.10.0",
            "lodash-es": "^4.17.15",
            "tslib": "^2.0.0"
          }
        }
      }
    },
    "@angular/cdk": {
      "version": "12.2.13",
      "peer": true,
      "requires": {
        "parse5": "^5.0.0",
        "tslib": "^2.2.0"
      }
    },
    "@angular/common": {
      "version": "12.2.15",
      "peer": true,
      "requires": {
        "tslib": "^2.2.0"
      }
    },
    "@angular/core": {
      "version": "12.2.15",
      "peer": true,
      "requires": {
        "tslib": "^2.2.0"
      }
    },
    "@angular/material": {
      "version": "12.2.13",
      "peer": true,
      "requires": {
        "tslib": "^2.2.0"
      }
    },
    "@tibco-tcstk/tc-core-lib": {
      "version": "3.2.0",
      "requires": {
        "tslib": "^2.2.0"
      }
    },
    "@tibco-tcstk/tc-forms-lib": {
      "version": "3.2.0",
      "peer": true,
      "requires": {
        "tslib": "^2.2.0"
      }
    },
    "@tibco-tcstk/tc-liveapps-lib": {
      "version": "3.2.0",
      "requires": {
        "tslib": "^2.2.0"
      }
    },
    "ajv": {
      "version": "6.12.6",
      "peer": true,
      "requires": {
        "fast-deep-equal": "^3.1.1",
        "fast-json-stable-stringify": "^2.0.0",
        "json-schema-traverse": "^0.4.1",
        "uri-js": "^4.2.2"
      }
    },
    "json-schema-traverse": {
      "version": "0.4.1",
      "peer": true
    },
    "ngx-color-picker": {
      "version": "10.1.0",
      "peer": true,
      "requires": {
        "tslib": "^2.0.0"
      }
    }
  }
}
